
Microsoft Visual Studio Solution File, Format Version 12.00
# Visual Studio 15
VisualStudioVersion = 15.0.26730.15
MinimumVisualStudioVersion = 10.0.40219.1
Project("{FAE04EC0-301F-11D3-BF4B-00C04F79EFBC}") = "Gun6Odev", "Gun6Odev\Gun6Odev.csproj", "{4C0C0A8B-5E6D-443F-B928-8FACBD449B17}"
EndProject
Global
	GlobalSection(SolutionConfigurationPlatforms) = preSolution
		Debug|Any CPU = Debug|Any CPU
		Release|Any CPU = Release|Any CPU
	EndGlobalSection
	GlobalSection(ProjectConfigurationPlatforms) = postSolution
		{4C0C0A8B-5E6D-443F-B928-8FACBD449B17}.Debug|Any CPU.ActiveCfg = Debug|Any CPU
		{4C0C0A8B-5E6D-443F-B928-8FACBD449B17}.Debug|Any CPU.Build.0 = Debug|Any CPU
		{4C0C0A8B-5E6D-443F-B928-8FACBD449B17}.Release|Any CPU.ActiveCfg = Release|Any CPU
		{4C0C0A8B-5E6D-443F-B928-8FACBD449B17}.Release|Any CPU.Build.0 = Release|Any CPU
	EndGlobalSection
	GlobalSection(SolutionProperties) = preSolution
		HideSolutionNode = FALSE
	EndGlobalSection
	GlobalSection(ExtensibilityGlobals) = postSolution
		SolutionGuid = {EC474F09-0E50-42EC-B115-897DB02145DD}
	EndGlobalSection
EndGlobal
