
Microsoft Visual Studio Solution File, Format Version 12.00
# Visual Studio 15
VisualStudioVersion = 15.0.26730.15
MinimumVisualStudioVersion = 10.0.40219.1
Project("{FAE04EC0-301F-11D3-BF4B-00C04F79EFBC}") = "IEnumerable_Kullanimi", "IEnumerable_Kullanimi\IEnumerable_Kullanimi.csproj", "{91E75374-61F0-4881-ABD0-037C99BD8D65}"
EndProject
Global
	GlobalSection(SolutionConfigurationPlatforms) = preSolution
		Debug|Any CPU = Debug|Any CPU
		Release|Any CPU = Release|Any CPU
	EndGlobalSection
	GlobalSection(ProjectConfigurationPlatforms) = postSolution
		{91E75374-61F0-4881-ABD0-037C99BD8D65}.Debug|Any CPU.ActiveCfg = Debug|Any CPU
		{91E75374-61F0-4881-ABD0-037C99BD8D65}.Debug|Any CPU.Build.0 = Debug|Any CPU
		{91E75374-61F0-4881-ABD0-037C99BD8D65}.Release|Any CPU.ActiveCfg = Release|Any CPU
		{91E75374-61F0-4881-ABD0-037C99BD8D65}.Release|Any CPU.Build.0 = Release|Any CPU
	EndGlobalSection
	GlobalSection(SolutionProperties) = preSolution
		HideSolutionNode = FALSE
	EndGlobalSection
	GlobalSection(ExtensibilityGlobals) = postSolution
		SolutionGuid = {E7963612-7E20-4F94-8306-31433AA0EB2F}
	EndGlobalSection
EndGlobal
