
Microsoft Visual Studio Solution File, Format Version 12.00
# Visual Studio 15
VisualStudioVersion = 15.0.26730.15
MinimumVisualStudioVersion = 10.0.40219.1
Project("{FAE04EC0-301F-11D3-BF4B-00C04F79EFBC}") = "LINQFromVeJoın", "LINQFromVeJoın\LINQFromVeJoın.csproj", "{D0A13DFD-78C5-4870-A2EB-907F205C38D4}"
EndProject
Global
	GlobalSection(SolutionConfigurationPlatforms) = preSolution
		Debug|Any CPU = Debug|Any CPU
		Release|Any CPU = Release|Any CPU
	EndGlobalSection
	GlobalSection(ProjectConfigurationPlatforms) = postSolution
		{D0A13DFD-78C5-4870-A2EB-907F205C38D4}.Debug|Any CPU.ActiveCfg = Debug|Any CPU
		{D0A13DFD-78C5-4870-A2EB-907F205C38D4}.Debug|Any CPU.Build.0 = Debug|Any CPU
		{D0A13DFD-78C5-4870-A2EB-907F205C38D4}.Release|Any CPU.ActiveCfg = Release|Any CPU
		{D0A13DFD-78C5-4870-A2EB-907F205C38D4}.Release|Any CPU.Build.0 = Release|Any CPU
	EndGlobalSection
	GlobalSection(SolutionProperties) = preSolution
		HideSolutionNode = FALSE
	EndGlobalSection
	GlobalSection(ExtensibilityGlobals) = postSolution
		SolutionGuid = {28FA3E91-93D3-444A-B12B-5B2290FF4D6D}
	EndGlobalSection
EndGlobal
