
Microsoft Visual Studio Solution File, Format Version 12.00
# Visual Studio 15
VisualStudioVersion = 15.0.26730.15
MinimumVisualStudioVersion = 10.0.40219.1
Project("{FAE04EC0-301F-11D3-BF4B-00C04F79EFBC}") = "LINQtoObjectOrnek", "LINQtoObjectOrnek\LINQtoObjectOrnek.csproj", "{4EFD8A68-6D54-46E2-BF9F-0A890BFF2B6F}"
EndProject
Global
	GlobalSection(SolutionConfigurationPlatforms) = preSolution
		Debug|Any CPU = Debug|Any CPU
		Release|Any CPU = Release|Any CPU
	EndGlobalSection
	GlobalSection(ProjectConfigurationPlatforms) = postSolution
		{4EFD8A68-6D54-46E2-BF9F-0A890BFF2B6F}.Debug|Any CPU.ActiveCfg = Debug|Any CPU
		{4EFD8A68-6D54-46E2-BF9F-0A890BFF2B6F}.Debug|Any CPU.Build.0 = Debug|Any CPU
		{4EFD8A68-6D54-46E2-BF9F-0A890BFF2B6F}.Release|Any CPU.ActiveCfg = Release|Any CPU
		{4EFD8A68-6D54-46E2-BF9F-0A890BFF2B6F}.Release|Any CPU.Build.0 = Release|Any CPU
	EndGlobalSection
	GlobalSection(SolutionProperties) = preSolution
		HideSolutionNode = FALSE
	EndGlobalSection
	GlobalSection(ExtensibilityGlobals) = postSolution
		SolutionGuid = {1D0F5216-BCEA-4EF9-8443-8702889C9E55}
	EndGlobalSection
EndGlobal
