
Microsoft Visual Studio Solution File, Format Version 12.00
# Visual Studio 15
VisualStudioVersion = 15.0.26730.15
MinimumVisualStudioVersion = 10.0.40219.1
Project("{FAE04EC0-301F-11D3-BF4B-00C04F79EFBC}") = "ADONet2DataSet", "ADONet2DataSet\ADONet2DataSet.csproj", "{C99B535F-7C68-4F8C-8F57-A82315619FF2}"
EndProject
Global
	GlobalSection(SolutionConfigurationPlatforms) = preSolution
		Debug|Any CPU = Debug|Any CPU
		Release|Any CPU = Release|Any CPU
	EndGlobalSection
	GlobalSection(ProjectConfigurationPlatforms) = postSolution
		{C99B535F-7C68-4F8C-8F57-A82315619FF2}.Debug|Any CPU.ActiveCfg = Debug|Any CPU
		{C99B535F-7C68-4F8C-8F57-A82315619FF2}.Debug|Any CPU.Build.0 = Debug|Any CPU
		{C99B535F-7C68-4F8C-8F57-A82315619FF2}.Release|Any CPU.ActiveCfg = Release|Any CPU
		{C99B535F-7C68-4F8C-8F57-A82315619FF2}.Release|Any CPU.Build.0 = Release|Any CPU
	EndGlobalSection
	GlobalSection(SolutionProperties) = preSolution
		HideSolutionNode = FALSE
	EndGlobalSection
	GlobalSection(ExtensibilityGlobals) = postSolution
		SolutionGuid = {CE06B8B8-0BBB-4F6B-8A6F-B316402949C8}
	EndGlobalSection
EndGlobal
