
Microsoft Visual Studio Solution File, Format Version 12.00
# Visual Studio 15
VisualStudioVersion = 15.0.26730.15
MinimumVisualStudioVersion = 10.0.40219.1
Project("{FAE04EC0-301F-11D3-BF4B-00C04F79EFBC}") = "LambdaOrnek2", "LambdaOrnek2\LambdaOrnek2.csproj", "{6508DEF3-F529-4786-8AE8-FCA8C5DF7CDE}"
EndProject
Global
	GlobalSection(SolutionConfigurationPlatforms) = preSolution
		Debug|Any CPU = Debug|Any CPU
		Release|Any CPU = Release|Any CPU
	EndGlobalSection
	GlobalSection(ProjectConfigurationPlatforms) = postSolution
		{6508DEF3-F529-4786-8AE8-FCA8C5DF7CDE}.Debug|Any CPU.ActiveCfg = Debug|Any CPU
		{6508DEF3-F529-4786-8AE8-FCA8C5DF7CDE}.Debug|Any CPU.Build.0 = Debug|Any CPU
		{6508DEF3-F529-4786-8AE8-FCA8C5DF7CDE}.Release|Any CPU.ActiveCfg = Release|Any CPU
		{6508DEF3-F529-4786-8AE8-FCA8C5DF7CDE}.Release|Any CPU.Build.0 = Release|Any CPU
	EndGlobalSection
	GlobalSection(SolutionProperties) = preSolution
		HideSolutionNode = FALSE
	EndGlobalSection
	GlobalSection(ExtensibilityGlobals) = postSolution
		SolutionGuid = {B3830620-B76F-4700-B228-690C0EC2E115}
	EndGlobalSection
EndGlobal
